
Microsoft Visual Studio Solution File, Format Version 12.00
# Visual Studio Version 16
VisualStudioVersion = 16.0.29613.14
MinimumVisualStudioVersion = 10.0.40219.1
Project("{9A19103F-16F7-4668-BE54-9A1E7A4F7556}") = "Code Challenges", "Code Challenges\Code Challenges.csproj", "{DC36297D-D1F9-493F-825C-3B80464F65EA}"
EndProject
Global
	GlobalSection(SolutionConfigurationPlatforms) = preSolution
		Debug|Any CPU = Debug|Any CPU
		Release|Any CPU = Release|Any CPU
	EndGlobalSection
	GlobalSection(ProjectConfigurationPlatforms) = postSolution
		{DC36297D-D1F9-493F-825C-3B80464F65EA}.Debug|Any CPU.ActiveCfg = Debug|Any CPU
		{DC36297D-D1F9-493F-825C-3B80464F65EA}.Debug|Any CPU.Build.0 = Debug|Any CPU
		{DC36297D-D1F9-493F-825C-3B80464F65EA}.Release|Any CPU.ActiveCfg = Release|Any CPU
		{DC36297D-D1F9-493F-825C-3B80464F65EA}.Release|Any CPU.Build.0 = Release|Any CPU
	EndGlobalSection
	GlobalSection(SolutionProperties) = preSolution
		HideSolutionNode = FALSE
	EndGlobalSection
	GlobalSection(ExtensibilityGlobals) = postSolution
		SolutionGuid = {5C1D2B7C-D35B-4A54-9319-E57514BD7B45}
	EndGlobalSection
EndGlobal
